
Microsoft Visual Studio Solution File, Format Version 12.00
# Visual Studio Version 17
VisualStudioVersion = 17.4.33110.190
MinimumVisualStudioVersion = 10.0.40219.1
Project("{FAE04EC0-301F-11D3-BF4B-00C04F79EFBC}") = "WebApplication4", "WebApplication4\WebApplication4.csproj", "{899B9620-C487-4F50-94F4-2DF55ADBF3C4}"
EndProject
Global
	GlobalSection(SolutionConfigurationPlatforms) = preSolution
		Debug|Any CPU = Debug|Any CPU
		Release|Any CPU = Release|Any CPU
	EndGlobalSection
	GlobalSection(ProjectConfigurationPlatforms) = postSolution
		{899B9620-C487-4F50-94F4-2DF55ADBF3C4}.Debug|Any CPU.ActiveCfg = Debug|Any CPU
		{899B9620-C487-4F50-94F4-2DF55ADBF3C4}.Debug|Any CPU.Build.0 = Debug|Any CPU
		{899B9620-C487-4F50-94F4-2DF55ADBF3C4}.Release|Any CPU.ActiveCfg = Release|Any CPU
		{899B9620-C487-4F50-94F4-2DF55ADBF3C4}.Release|Any CPU.Build.0 = Release|Any CPU
	EndGlobalSection
	GlobalSection(SolutionProperties) = preSolution
		HideSolutionNode = FALSE
	EndGlobalSection
	GlobalSection(ExtensibilityGlobals) = postSolution
		SolutionGuid = {EF190187-C26A-4840-B0BF-2FF24F6B64A4}
	EndGlobalSection
EndGlobal
